{
  "name": "pixijstemplate",
  "version": "1.0.0",
  "lockfileVersion": 3,
  "requires": true,
  "packages": {
    "": {
      "name": "pixijstemplate",
      "version": "1.0.0",
      "license": "ISC",
      "dependencies": {
        "pixi.js": "^8.3.0"
      },
      "devDependencies": {
        "@rsbuild/core": "1.0.1-beta.10",
        "typescript": "^5.5.2"
      }
    },
    "node_modules/@module-federation/runtime": {
      "version": "0.2.3",
      "resolved": "https://registry.npmjs.org/@module-federation/runtime/-/runtime-0.2.3.tgz",
      "integrity": "sha512-N+ZxBUb1mkmfO9XT1BwgYQgShtUTlijHbukqQ4afFka5lRAT+ayC7RKfHJLz0HbuexKPCmPBDfdmCnErR5WyTQ==",
      "dev": true,
      "license": "MIT",
      "dependencies": {
        "@module-federation/sdk": "0.2.3"
      }
    },
    "node_modules/@module-federation/runtime-tools": {
      "version": "0.2.3",
      "resolved": "https://registry.npmjs.org/@module-federation/runtime-tools/-/runtime-tools-0.2.3.tgz",
      "integrity": "sha512-capN8CVTCEqNAjnl102girrkevczoQfnQYyiYC4WuyKsg7+LUqfirIe1Eiyv6VSE2UgvOTZDnqvervA6rBOlmg==",
      "dev": true,
      "license": "MIT",
      "dependencies": {
        "@module-federation/runtime": "0.2.3",
        "@module-federation/webpack-bundler-runtime": "0.2.3"
      }
    },
    "node_modules/@module-federation/sdk": {
      "version": "0.2.3",
      "resolved": "https://registry.npmjs.org/@module-federation/sdk/-/sdk-0.2.3.tgz",
      "integrity": "sha512-W9zrPchLocyCBc/B8CW21akcfJXLl++9xBe1L1EtgxZGfj/xwHt0GcBWE/y+QGvYTL2a1iZjwscbftbUhxgxXg==",
      "dev": true,
      "license": "MIT"
    },
    "node_modules/@module-federation/webpack-bundler-runtime": {
      "version": "0.2.3",
      "resolved": "https://registry.npmjs.org/@module-federation/webpack-bundler-runtime/-/webpack-bundler-runtime-0.2.3.tgz",
      "integrity": "sha512-L/jt2uJ+8dwYiyn9GxryzDR6tr/Wk8rpgvelM2EBeLIhu7YxCHSmSjQYhw3BTux9zZIr47d1K9fGjBFsVRd/SQ==",
      "dev": true,
      "license": "MIT",
      "dependencies": {
        "@module-federation/runtime": "0.2.3",
        "@module-federation/sdk": "0.2.3"
      }
    },
    "node_modules/@pixi/colord": {
      "version": "2.9.6",
      "resolved": "https://registry.npmjs.org/@pixi/colord/-/colord-2.9.6.tgz",
      "integrity": "sha512-nezytU2pw587fQstUu1AsJZDVEynjskwOL+kibwcdxsMBFqPsFFNA7xl0ii/gXuDi6M0xj3mfRJj8pBSc2jCfA==",
      "license": "MIT"
    },
    "node_modules/@rsbuild/core": {
      "version": "1.0.1-beta.10",
      "resolved": "https://registry.npmjs.org/@rsbuild/core/-/core-1.0.1-beta.10.tgz",
      "integrity": "sha512-F2xVOiUXmv9PhtgXnxtelE2Ay6gwsU2MjLur+PNF63QJB4VhV1KMWedt0cEw6m3KR6/n6laWY3PXv8TxGA99iA==",
      "dev": true,
      "license": "MIT",
      "dependencies": {
        "@rspack/core": "1.0.0-beta.2",
        "@rspack/lite-tapable": "1.0.0-beta.2",
        "@swc/helpers": "0.5.11",
        "caniuse-lite": "^1.0.30001647",
        "core-js": "~3.37.1"
      },
      "bin": {
        "rsbuild": "bin/rsbuild.js"
      },
      "engines": {
        "node": ">=16.7.0"
      },
      "optionalDependencies": {
        "fsevents": "~2.3.3"
      }
    },
    "node_modules/@rspack/binding": {
      "version": "1.0.0-beta.2",
      "resolved": "https://registry.npmjs.org/@rspack/binding/-/binding-1.0.0-beta.2.tgz",
      "integrity": "sha512-ZywN7G96EV44XSXvg6fLgLcsOrjfvgXMxJopvFvNL+3LQHY6a1kmkVbEVvvOvZp4rc9odfDT3fF4A2g46F58eA==",
      "dev": true,
      "license": "MIT",
      "optionalDependencies": {
        "@rspack/binding-darwin-arm64": "1.0.0-beta.2",
        "@rspack/binding-darwin-x64": "1.0.0-beta.2",
        "@rspack/binding-linux-arm64-gnu": "1.0.0-beta.2",
        "@rspack/binding-linux-arm64-musl": "1.0.0-beta.2",
        "@rspack/binding-linux-x64-gnu": "1.0.0-beta.2",
        "@rspack/binding-linux-x64-musl": "1.0.0-beta.2",
        "@rspack/binding-win32-arm64-msvc": "1.0.0-beta.2",
        "@rspack/binding-win32-ia32-msvc": "1.0.0-beta.2",
        "@rspack/binding-win32-x64-msvc": "1.0.0-beta.2"
      }
    },
    "node_modules/@rspack/binding-darwin-arm64": {
      "version": "1.0.0-beta.2",
      "resolved": "https://registry.npmjs.org/@rspack/binding-darwin-arm64/-/binding-darwin-arm64-1.0.0-beta.2.tgz",
      "integrity": "sha512-q0C1Vj9kAuIy+fs2GBUj+py/ibFudxNHQshzVSiLSvgWICdF0UOXj2KIHaPFGsq87StQU84lichMKeZpztUUPA==",
      "cpu": [
        "arm64"
      ],
      "dev": true,
      "license": "MIT",
      "optional": true,
      "os": [
        "darwin"
      ]
    },
    "node_modules/@rspack/binding-darwin-x64": {
      "version": "1.0.0-beta.2",
      "resolved": "https://registry.npmjs.org/@rspack/binding-darwin-x64/-/binding-darwin-x64-1.0.0-beta.2.tgz",
      "integrity": "sha512-S+pJu1GafgFocrE1mgm/rYXu0/FE/+9Mo6RvTl5wxKMp7YoMubglE9wz5zxwZUqgW2i3jPcfBMqDVEN/njwt0w==",
      "cpu": [
        "x64"
      ],
      "dev": true,
      "license": "MIT",
      "optional": true,
      "os": [
        "darwin"
      ]
    },
    "node_modules/@rspack/binding-linux-arm64-gnu": {
      "version": "1.0.0-beta.2",
      "resolved": "https://registry.npmjs.org/@rspack/binding-linux-arm64-gnu/-/binding-linux-arm64-gnu-1.0.0-beta.2.tgz",
      "integrity": "sha512-YidKPTC1eRjgEkPFWkXJ3MGFunOlnCJJUP/aty79V89pAQava9H/deju6ouUeMer6jZGyrjacKFRRTdpnlM+nA==",
      "cpu": [
        "arm64"
      ],
      "dev": true,
      "license": "MIT",
      "optional": true,
      "os": [
        "linux"
      ]
    },
    "node_modules/@rspack/binding-linux-arm64-musl": {
      "version": "1.0.0-beta.2",
      "resolved": "https://registry.npmjs.org/@rspack/binding-linux-arm64-musl/-/binding-linux-arm64-musl-1.0.0-beta.2.tgz",
      "integrity": "sha512-jQ5ePXdQKTjI1Kq6+e+t5OZ6zkuyKWZg4XmzL/wtPpJav99jNNRBbNv/waF9f6hpMwvbeIavCeQrJS89DlOaSQ==",
      "cpu": [
        "arm64"
      ],
      "dev": true,
      "license": "MIT",
      "optional": true,
      "os": [
        "linux"
      ]
    },
    "node_modules/@rspack/binding-linux-x64-gnu": {
      "version": "1.0.0-beta.2",
      "resolved": "https://registry.npmjs.org/@rspack/binding-linux-x64-gnu/-/binding-linux-x64-gnu-1.0.0-beta.2.tgz",
      "integrity": "sha512-tTjALyN5b1KQt1KzCxxcIOO3mPNvUcvz5xmbax7nD4F6LjEgW2JacYbpwXJrw5gTp6kCIaEi9qoP3a5J69OHsg==",
      "cpu": [
        "x64"
      ],
      "dev": true,
      "license": "MIT",
      "optional": true,
      "os": [
        "linux"
      ]
    },
    "node_modules/@rspack/binding-linux-x64-musl": {
      "version": "1.0.0-beta.2",
      "resolved": "https://registry.npmjs.org/@rspack/binding-linux-x64-musl/-/binding-linux-x64-musl-1.0.0-beta.2.tgz",
      "integrity": "sha512-U7x1SuM8/jH5CYc36A5PHrUm8D+vOQ2S9XC0YUOcdthNRfTqhZdHDH95r0w6PWPO30gFEodbH2ndh9PM/SIYxA==",
      "cpu": [
        "x64"
      ],
      "dev": true,
      "license": "MIT",
      "optional": true,
      "os": [
        "linux"
      ]
    },
    "node_modules/@rspack/binding-win32-arm64-msvc": {
      "version": "1.0.0-beta.2",
      "resolved": "https://registry.npmjs.org/@rspack/binding-win32-arm64-msvc/-/binding-win32-arm64-msvc-1.0.0-beta.2.tgz",
      "integrity": "sha512-FgeU0GBJu+lsK8UpwMmzX7xDq2GWA+7Lnc+5mis5Dz/RvZdsosV/O2jGXZ6Y8JBFUex2lZvyO81kIr6ej6pLZw==",
      "cpu": [
        "arm64"
      ],
      "dev": true,
      "license": "MIT",
      "optional": true,
      "os": [
        "win32"
      ]
    },
    "node_modules/@rspack/binding-win32-ia32-msvc": {
      "version": "1.0.0-beta.2",
      "resolved": "https://registry.npmjs.org/@rspack/binding-win32-ia32-msvc/-/binding-win32-ia32-msvc-1.0.0-beta.2.tgz",
      "integrity": "sha512-wPAlubduL/dPEXnnYk7NP+lvqK2ZRfQOBIC/o5rA/YYAb1cSUX9Ggk3ma/NIc0BN7UhnguOWecpobJxYqhgscw==",
      "cpu": [
        "ia32"
      ],
      "dev": true,
      "license": "MIT",
      "optional": true,
      "os": [
        "win32"
      ]
    },
    "node_modules/@rspack/binding-win32-x64-msvc": {
      "version": "1.0.0-beta.2",
      "resolved": "https://registry.npmjs.org/@rspack/binding-win32-x64-msvc/-/binding-win32-x64-msvc-1.0.0-beta.2.tgz",
      "integrity": "sha512-iqfHgC9j5iFA3XNfjywIINMjmwhru1dmXKD1IsUr+ucjKbKbI/gKSqw9xcZYXk4m01C+Mpb0rGtk/TZWsdz6qw==",
      "cpu": [
        "x64"
      ],
      "dev": true,
      "license": "MIT",
      "optional": true,
      "os": [
        "win32"
      ]
    },
    "node_modules/@rspack/core": {
      "version": "1.0.0-beta.2",
      "resolved": "https://registry.npmjs.org/@rspack/core/-/core-1.0.0-beta.2.tgz",
      "integrity": "sha512-YiF2oZlC0RThUYB5mHQ+XDB8edEzsY/FwKrFsi0p/UelEJssXECeNueoXdleZA8YQ2Ch4LaY2tLiB/2uffiAjg==",
      "dev": true,
      "license": "MIT",
      "dependencies": {
        "@module-federation/runtime-tools": "0.2.3",
        "@rspack/binding": "1.0.0-beta.2",
        "@rspack/lite-tapable": "1.0.0-beta.2",
        "caniuse-lite": "^1.0.30001616"
      },
      "engines": {
        "node": ">=16.0.0"
      },
      "peerDependencies": {
        "@swc/helpers": ">=0.5.1"
      },
      "peerDependenciesMeta": {
        "@swc/helpers": {
          "optional": true
        }
      }
    },
    "node_modules/@rspack/lite-tapable": {
      "version": "1.0.0-beta.2",
      "resolved": "https://registry.npmjs.org/@rspack/lite-tapable/-/lite-tapable-1.0.0-beta.2.tgz",
      "integrity": "sha512-pDcrOH7tejguIxzcMUnCb5FCrz9GWtAnS3dVG6O/P4l7OWtcOBI3F1TQUsEy1u2WpMpH9ruPHRCSIliBfUymLg==",
      "dev": true,
      "license": "MIT",
      "engines": {
        "node": ">=16.0.0"
      }
    },
    "node_modules/@swc/helpers": {
      "version": "0.5.11",
      "resolved": "https://registry.npmjs.org/@swc/helpers/-/helpers-0.5.11.tgz",
      "integrity": "sha512-YNlnKRWF2sVojTpIyzwou9XoTNbzbzONwRhOoniEioF1AtaitTvVZblaQRrAzChWQ1bLYyYSWzM18y4WwgzJ+A==",
      "dev": true,
      "license": "Apache-2.0",
      "dependencies": {
        "tslib": "^2.4.0"
      }
    },
    "node_modules/@types/css-font-loading-module": {
      "version": "0.0.12",
      "resolved": "https://registry.npmjs.org/@types/css-font-loading-module/-/css-font-loading-module-0.0.12.tgz",
      "integrity": "sha512-x2tZZYkSxXqWvTDgveSynfjq/T2HyiZHXb00j/+gy19yp70PHCizM48XFdjBCWH7eHBD0R5i/pw9yMBP/BH5uA==",
      "license": "MIT"
    },
    "node_modules/@types/earcut": {
      "version": "2.1.4",
      "resolved": "https://registry.npmjs.org/@types/earcut/-/earcut-2.1.4.tgz",
      "integrity": "sha512-qp3m9PPz4gULB9MhjGID7wpo3gJ4bTGXm7ltNDsmOvsPduTeHp8wSW9YckBj3mljeOh4F0m2z/0JKAALRKbmLQ==",
      "license": "MIT"
    },
    "node_modules/@webgpu/types": {
      "version": "0.1.44",
      "resolved": "https://registry.npmjs.org/@webgpu/types/-/types-0.1.44.tgz",
      "integrity": "sha512-JDpYJN5E/asw84LTYhKyvPpxGnD+bAKPtpW9Ilurf7cZpxaTbxkQcGwOd7jgB9BPBrTYQ+32ufo4HiuomTjHNQ==",
      "license": "BSD-3-Clause"
    },
    "node_modules/@xmldom/xmldom": {
      "version": "0.8.10",
      "resolved": "https://registry.npmjs.org/@xmldom/xmldom/-/xmldom-0.8.10.tgz",
      "integrity": "sha512-2WALfTl4xo2SkGCYRt6rDTFfk9R1czmBvUQy12gK2KuRKIpWEhcbbzy8EZXtz/jkRqHX8bFEc6FC1HjX4TUWYw==",
      "license": "MIT",
      "engines": {
        "node": ">=10.0.0"
      }
    },
    "node_modules/caniuse-lite": {
      "version": "1.0.30001649",
      "resolved": "https://registry.npmjs.org/caniuse-lite/-/caniuse-lite-1.0.30001649.tgz",
      "integrity": "sha512-fJegqZZ0ZX8HOWr6rcafGr72+xcgJKI9oWfDW5DrD7ExUtgZC7a7R7ZYmZqplh7XDocFdGeIFn7roAxhOeYrPQ==",
      "dev": true,
      "funding": [
        {
          "type": "opencollective",
          "url": "https://opencollective.com/browserslist"
        },
        {
          "type": "tidelift",
          "url": "https://tidelift.com/funding/github/npm/caniuse-lite"
        },
        {
          "type": "github",
          "url": "https://github.com/sponsors/ai"
        }
      ],
      "license": "CC-BY-4.0"
    },
    "node_modules/core-js": {
      "version": "3.37.1",
      "resolved": "https://registry.npmjs.org/core-js/-/core-js-3.37.1.tgz",
      "integrity": "sha512-Xn6qmxrQZyB0FFY8E3bgRXei3lWDJHhvI+u0q9TKIYM49G8pAr0FgnnrFRAmsbptZL1yxRADVXn+x5AGsbBfyw==",
      "dev": true,
      "hasInstallScript": true,
      "license": "MIT",
      "funding": {
        "type": "opencollective",
        "url": "https://opencollective.com/core-js"
      }
    },
    "node_modules/earcut": {
      "version": "2.2.4",
      "resolved": "https://registry.npmjs.org/earcut/-/earcut-2.2.4.tgz",
      "integrity": "sha512-/pjZsA1b4RPHbeWZQn66SWS8nZZWLQQ23oE3Eam7aroEFGEvwKAsJfZ9ytiEMycfzXWpca4FA9QIOehf7PocBQ==",
      "license": "ISC"
    },
    "node_modules/eventemitter3": {
      "version": "5.0.1",
      "resolved": "https://registry.npmjs.org/eventemitter3/-/eventemitter3-5.0.1.tgz",
      "integrity": "sha512-GWkBvjiSZK87ELrYOSESUYeVIc9mvLLf/nXalMOS5dYrgZq9o5OVkbZAVM06CVxYsCwH9BDZFPlQTlPA1j4ahA==",
      "license": "MIT"
    },
    "node_modules/fsevents": {
      "version": "2.3.3",
      "resolved": "https://registry.npmjs.org/fsevents/-/fsevents-2.3.3.tgz",
      "integrity": "sha512-5xoDfX+fL7faATnagmWPpbFtwh/R77WmMMqqHGS65C3vvB0YHrgF+B1YmZ3441tMj5n63k0212XNoJwzlhffQw==",
      "dev": true,
      "hasInstallScript": true,
      "license": "MIT",
      "optional": true,
      "os": [
        "darwin"
      ],
      "engines": {
        "node": "^8.16.0 || ^10.6.0 || >=11.0.0"
      }
    },
    "node_modules/ismobilejs": {
      "version": "1.1.1",
      "resolved": "https://registry.npmjs.org/ismobilejs/-/ismobilejs-1.1.1.tgz",
      "integrity": "sha512-VaFW53yt8QO61k2WJui0dHf4SlL8lxBofUuUmwBo0ljPk0Drz2TiuDW4jo3wDcv41qy/SxrJ+VAzJ/qYqsmzRw==",
      "license": "MIT"
    },
    "node_modules/parse-svg-path": {
      "version": "0.1.2",
      "resolved": "https://registry.npmjs.org/parse-svg-path/-/parse-svg-path-0.1.2.tgz",
      "integrity": "sha512-JyPSBnkTJ0AI8GGJLfMXvKq42cj5c006fnLz6fXy6zfoVjJizi8BNTpu8on8ziI1cKy9d9DGNuY17Ce7wuejpQ==",
      "license": "MIT"
    },
    "node_modules/pixi.js": {
      "version": "8.3.0",
      "resolved": "https://registry.npmjs.org/pixi.js/-/pixi.js-8.3.0.tgz",
      "integrity": "sha512-aY8UqhYwTYETGA68/pWqORpeNRi1eT0l1tSLV6WTUQkwcKPyMlZTLUpc8ZzdsWHqDJ3Sx9Z/BZ1kQfRiQa0dQg==",
      "license": "MIT",
      "dependencies": {
        "@pixi/colord": "^2.9.6",
        "@types/css-font-loading-module": "^0.0.12",
        "@types/earcut": "^2.1.4",
        "@webgpu/types": "^0.1.40",
        "@xmldom/xmldom": "^0.8.10",
        "earcut": "^2.2.4",
        "eventemitter3": "^5.0.1",
        "ismobilejs": "^1.1.1",
        "parse-svg-path": "^0.1.2"
      }
    },
    "node_modules/tslib": {
      "version": "2.6.3",
      "resolved": "https://registry.npmjs.org/tslib/-/tslib-2.6.3.tgz",
      "integrity": "sha512-xNvxJEOUiWPGhUuUdQgAJPKOOJfGnIyKySOc09XkKsgdUV/3E2zvwZYdejjmRgPCgcym1juLH3226yA7sEFJKQ==",
      "dev": true,
      "license": "0BSD"
    },
    "node_modules/typescript": {
      "version": "5.5.4",
      "resolved": "https://registry.npmjs.org/typescript/-/typescript-5.5.4.tgz",
      "integrity": "sha512-Mtq29sKDAEYP7aljRgtPOpTvOfbwRWlS6dPRzwjdE+C0R4brX/GUyhHSecbHMFLNBLcJIPt9nl9yG5TZ1weH+Q==",
      "dev": true,
      "license": "Apache-2.0",
      "bin": {
        "tsc": "bin/tsc",
        "tsserver": "bin/tsserver"
      },
      "engines": {
        "node": ">=14.17"
      }
    }
  }
}
